
Microsoft Visual Studio Solution File, Format Version 12.00
# Visual Studio Version 16
VisualStudioVersion = 16.0.30611.23
MinimumVisualStudioVersion = 10.0.40219.1
Project("{FAE04EC0-301F-11D3-BF4B-00C04F79EFBC}") = "Api", "Api.csproj", "{B7A0BC80-5065-4341-BBC2-DD4B3B9A5B00}"
EndProject
Global
	GlobalSection(SolutionConfigurationPlatforms) = preSolution
		Debug|Any CPU = Debug|Any CPU
		Release|Any CPU = Release|Any CPU
	EndGlobalSection
	GlobalSection(ProjectConfigurationPlatforms) = postSolution
		{B7A0BC80-5065-4341-BBC2-DD4B3B9A5B00}.Debug|Any CPU.ActiveCfg = Debug|Any CPU
		{B7A0BC80-5065-4341-BBC2-DD4B3B9A5B00}.Debug|Any CPU.Build.0 = Debug|Any CPU
		{B7A0BC80-5065-4341-BBC2-DD4B3B9A5B00}.Release|Any CPU.ActiveCfg = Release|Any CPU
		{B7A0BC80-5065-4341-BBC2-DD4B3B9A5B00}.Release|Any CPU.Build.0 = Release|Any CPU
	EndGlobalSection
	GlobalSection(SolutionProperties) = preSolution
		HideSolutionNode = FALSE
	EndGlobalSection
	GlobalSection(ExtensibilityGlobals) = postSolution
		SolutionGuid = {C503E797-25DB-41FA-8D65-CFA24DC20AF1}
	EndGlobalSection
EndGlobal
